
Microsoft Visual Studio Solution File, Format Version 12.00
# Visual Studio Version 17
VisualStudioVersion = 17.1.32407.343
MinimumVisualStudioVersion = 10.0.40219.1
Project("{FAE04EC0-301F-11D3-BF4B-00C04F79EFBC}") = "APICamerge", "APICamerge\APICamerge.csproj", "{24C2F192-6618-459C-96F9-29FF1099C44D}"
EndProject
Global
	GlobalSection(SolutionConfigurationPlatforms) = preSolution
		Debug|Any CPU = Debug|Any CPU
		Release|Any CPU = Release|Any CPU
	EndGlobalSection
	GlobalSection(ProjectConfigurationPlatforms) = postSolution
		{24C2F192-6618-459C-96F9-29FF1099C44D}.Debug|Any CPU.ActiveCfg = Debug|Any CPU
		{24C2F192-6618-459C-96F9-29FF1099C44D}.Debug|Any CPU.Build.0 = Debug|Any CPU
		{24C2F192-6618-459C-96F9-29FF1099C44D}.Release|Any CPU.ActiveCfg = Release|Any CPU
		{24C2F192-6618-459C-96F9-29FF1099C44D}.Release|Any CPU.Build.0 = Release|Any CPU
	EndGlobalSection
	GlobalSection(SolutionProperties) = preSolution
		HideSolutionNode = FALSE
	EndGlobalSection
	GlobalSection(ExtensibilityGlobals) = postSolution
		SolutionGuid = {A95AC499-9FDB-44B7-8A2A-D3BE38FA32F3}
	EndGlobalSection
EndGlobal
